{
  "name": "backoffice",
  "lockfileVersion": 2,
  "requires": true,
  "packages": {
    "": {
      "dependencies": {
        "bs5-lightbox": "^1.8.2",
        "lightbox2": "^2.11.3",
        "lightgallery": "^2.7.1"
      }
    },
    "node_modules/@popperjs/core": {
      "version": "2.11.6",
      "resolved": "https://registry.npmjs.org/@popperjs/core/-/core-2.11.6.tgz",
      "integrity": "sha512-50/17A98tWUfQ176raKiOGXuYpLyyVMkxxG6oylzL3BPOlA6ADGdK7EYunSa4I064xerltq9TGXs8HmOk5E+vw==",
      "peer": true,
      "funding": {
        "type": "opencollective",
        "url": "https://opencollective.com/popperjs"
      }
    },
    "node_modules/bootstrap": {
      "version": "5.2.3",
      "resolved": "https://registry.npmjs.org/bootstrap/-/bootstrap-5.2.3.tgz",
      "integrity": "sha512-cEKPM+fwb3cT8NzQZYEu4HilJ3anCrWqh3CHAok1p9jXqMPsPTBhU25fBckEJHJ/p+tTxTFTsFQGM+gaHpi3QQ==",
      "funding": [
        {
          "type": "github",
          "url": "https://github.com/sponsors/twbs"
        },
        {
          "type": "opencollective",
          "url": "https://opencollective.com/bootstrap"
        }
      ],
      "peer": true,
      "peerDependencies": {
        "@popperjs/core": "^2.11.6"
      }
    },
    "node_modules/bs5-lightbox": {
      "version": "1.8.3",
      "resolved": "https://registry.npmjs.org/bs5-lightbox/-/bs5-lightbox-1.8.3.tgz",
      "integrity": "sha512-fEIjplDAtWw17vi6dFeu7+Td52sk3qQ9FbOOVSpWM3nqio502vZKIA0Q0De9D9ah44BGd+zOKUsikRPlKE2hFg==",
      "funding": {
        "url": "https://github.com/sponsors/trvswgnr"
      },
      "peerDependencies": {
        "bootstrap": "^5.0.0"
      }
    },
    "node_modules/lightbox2": {
      "version": "2.11.4",
      "resolved": "https://registry.npmjs.org/lightbox2/-/lightbox2-2.11.4.tgz",
      "integrity": "sha512-Fof7RJFWV3Fe4CWTjpto30h04Led97nRStFNLaUD/VrlEs72r7LF9WMndENYvU2e4o8WboSuy+dmetXSKSnQ2Q=="
    },
    "node_modules/lightgallery": {
      "version": "2.7.1",
      "resolved": "https://registry.npmjs.org/lightgallery/-/lightgallery-2.7.1.tgz",
      "integrity": "sha512-NbXOzD2APY1OhOOn464jDsBZBaCRahUoLvBxhDFxvwJeC8hCkCIPYSjGgGTYINxVK09DKMsNDJzRr1ngH5nDdg==",
      "engines": {
        "node": ">=6.0.0"
      }
    }
  },
  "dependencies": {
    "@popperjs/core": {
      "version": "2.11.6",
      "resolved": "https://registry.npmjs.org/@popperjs/core/-/core-2.11.6.tgz",
      "integrity": "sha512-50/17A98tWUfQ176raKiOGXuYpLyyVMkxxG6oylzL3BPOlA6ADGdK7EYunSa4I064xerltq9TGXs8HmOk5E+vw==",
      "peer": true
    },
    "bootstrap": {
      "version": "5.2.3",
      "resolved": "https://registry.npmjs.org/bootstrap/-/bootstrap-5.2.3.tgz",
      "integrity": "sha512-cEKPM+fwb3cT8NzQZYEu4HilJ3anCrWqh3CHAok1p9jXqMPsPTBhU25fBckEJHJ/p+tTxTFTsFQGM+gaHpi3QQ==",
      "peer": true,
      "requires": {}
    },
    "bs5-lightbox": {
      "version": "1.8.3",
      "resolved": "https://registry.npmjs.org/bs5-lightbox/-/bs5-lightbox-1.8.3.tgz",
      "integrity": "sha512-fEIjplDAtWw17vi6dFeu7+Td52sk3qQ9FbOOVSpWM3nqio502vZKIA0Q0De9D9ah44BGd+zOKUsikRPlKE2hFg==",
      "requires": {}
    },
    "lightbox2": {
      "version": "2.11.4",
      "resolved": "https://registry.npmjs.org/lightbox2/-/lightbox2-2.11.4.tgz",
      "integrity": "sha512-Fof7RJFWV3Fe4CWTjpto30h04Led97nRStFNLaUD/VrlEs72r7LF9WMndENYvU2e4o8WboSuy+dmetXSKSnQ2Q=="
    },
    "lightgallery": {
      "version": "2.7.1",
      "resolved": "https://registry.npmjs.org/lightgallery/-/lightgallery-2.7.1.tgz",
      "integrity": "sha512-NbXOzD2APY1OhOOn464jDsBZBaCRahUoLvBxhDFxvwJeC8hCkCIPYSjGgGTYINxVK09DKMsNDJzRr1ngH5nDdg=="
    }
  }
}
